
Microsoft Visual Studio Solution File, Format Version 12.00
# Visual Studio Version 17
VisualStudioVersion = 17.3.32929.385
MinimumVisualStudioVersion = 10.0.40219.1
Project("{FAE04EC0-301F-11D3-BF4B-00C04F79EFBC}") = "GameWpf", "GameWpf\GameWpf.csproj", "{F0CF24D9-8685-4A2C-A36B-AA5A8E30F49B}"
EndProject
Global
	GlobalSection(SolutionConfigurationPlatforms) = preSolution
		Debug|Any CPU = Debug|Any CPU
		Release|Any CPU = Release|Any CPU
	EndGlobalSection
	GlobalSection(ProjectConfigurationPlatforms) = postSolution
		{F0CF24D9-8685-4A2C-A36B-AA5A8E30F49B}.Debug|Any CPU.ActiveCfg = Debug|Any CPU
		{F0CF24D9-8685-4A2C-A36B-AA5A8E30F49B}.Debug|Any CPU.Build.0 = Debug|Any CPU
		{F0CF24D9-8685-4A2C-A36B-AA5A8E30F49B}.Release|Any CPU.ActiveCfg = Release|Any CPU
		{F0CF24D9-8685-4A2C-A36B-AA5A8E30F49B}.Release|Any CPU.Build.0 = Release|Any CPU
	EndGlobalSection
	GlobalSection(SolutionProperties) = preSolution
		HideSolutionNode = FALSE
	EndGlobalSection
	GlobalSection(ExtensibilityGlobals) = postSolution
		SolutionGuid = {DF8D3D4B-F5C6-43D9-9591-F154BB608AD8}
	EndGlobalSection
EndGlobal
